
Microsoft Visual Studio Solution File, Format Version 12.00
# Visual Studio Version 16
VisualStudioVersion = 16.0.30011.22
MinimumVisualStudioVersion = 10.0.40219.1
Project("{9A19103F-16F7-4668-BE54-9A1E7A4F7556}") = "BCX_Application", "BCX_Application\BCX_Application.csproj", "{6F458696-CB29-4A2D-877A-15D4E30C0D79}"
EndProject
Project("{9A19103F-16F7-4668-BE54-9A1E7A4F7556}") = "BCX_CORE", "BCX_CORE\BCX_CORE.csproj", "{99ADE384-2251-402C-9CD5-A83D69ABAA74}"
EndProject
Project("{9A19103F-16F7-4668-BE54-9A1E7A4F7556}") = "BCX_DAL", "BCX_DAL\BCX_DAL.csproj", "{D5A91EA5-3E11-458F-ACAD-C3D16B9F80BF}"
EndProject
Project("{9A19103F-16F7-4668-BE54-9A1E7A4F7556}") = "BCX_HTTPAPI", "BCX_HTTPAPI\BCX_HTTPAPI.csproj", "{FE18EC35-89F6-42D6-8522-AD88228D83B7}"
EndProject
Global
	GlobalSection(SolutionConfigurationPlatforms) = preSolution
		Debug|Any CPU = Debug|Any CPU
		Release|Any CPU = Release|Any CPU
	EndGlobalSection
	GlobalSection(ProjectConfigurationPlatforms) = postSolution
		{6F458696-CB29-4A2D-877A-15D4E30C0D79}.Debug|Any CPU.ActiveCfg = Debug|Any CPU
		{6F458696-CB29-4A2D-877A-15D4E30C0D79}.Debug|Any CPU.Build.0 = Debug|Any CPU
		{6F458696-CB29-4A2D-877A-15D4E30C0D79}.Release|Any CPU.ActiveCfg = Release|Any CPU
		{6F458696-CB29-4A2D-877A-15D4E30C0D79}.Release|Any CPU.Build.0 = Release|Any CPU
		{99ADE384-2251-402C-9CD5-A83D69ABAA74}.Debug|Any CPU.ActiveCfg = Debug|Any CPU
		{99ADE384-2251-402C-9CD5-A83D69ABAA74}.Debug|Any CPU.Build.0 = Debug|Any CPU
		{99ADE384-2251-402C-9CD5-A83D69ABAA74}.Release|Any CPU.ActiveCfg = Release|Any CPU
		{99ADE384-2251-402C-9CD5-A83D69ABAA74}.Release|Any CPU.Build.0 = Release|Any CPU
		{D5A91EA5-3E11-458F-ACAD-C3D16B9F80BF}.Debug|Any CPU.ActiveCfg = Debug|Any CPU
		{D5A91EA5-3E11-458F-ACAD-C3D16B9F80BF}.Debug|Any CPU.Build.0 = Debug|Any CPU
		{D5A91EA5-3E11-458F-ACAD-C3D16B9F80BF}.Release|Any CPU.ActiveCfg = Release|Any CPU
		{D5A91EA5-3E11-458F-ACAD-C3D16B9F80BF}.Release|Any CPU.Build.0 = Release|Any CPU
		{FE18EC35-89F6-42D6-8522-AD88228D83B7}.Debug|Any CPU.ActiveCfg = Debug|Any CPU
		{FE18EC35-89F6-42D6-8522-AD88228D83B7}.Debug|Any CPU.Build.0 = Debug|Any CPU
		{FE18EC35-89F6-42D6-8522-AD88228D83B7}.Release|Any CPU.ActiveCfg = Release|Any CPU
		{FE18EC35-89F6-42D6-8522-AD88228D83B7}.Release|Any CPU.Build.0 = Release|Any CPU
	EndGlobalSection
	GlobalSection(SolutionProperties) = preSolution
		HideSolutionNode = FALSE
	EndGlobalSection
	GlobalSection(ExtensibilityGlobals) = postSolution
		SolutionGuid = {E07511ED-B093-464A-9095-1EA574B075AC}
	EndGlobalSection
EndGlobal
